// !$*UTF8*$!
{
	archiveVersion = 1;
	classes = {
	};
	objectVersion = 46;
	objects = {

/* Begin PBXBuildFile section */
		63DA87F0430933131CE3108D /* Pods_ExtrudeHeader.framework in Frameworks */ = {isa = PBXBuildFile; fileRef = FA2DA273B6946698AC1A2A10 /* Pods_ExtrudeHeader.framework */; };
		D72AF4F01DDC4C6E002C4031 /* AppDelegate.swift in Sources */ = {isa = PBXBuildFile; fileRef = D72AF4EF1DDC4C6E002C4031 /* AppDelegate.swift */; };
		D72AF4F21DDC4C6E002C4031 /* ViewController.swift in Sources */ = {isa = PBXBuildFile; fileRef = D72AF4F11DDC4C6E002C4031 /* ViewController.swift */; };
		D72AF4F51DDC4C6E002C4031 /* Main.storyboard in Resources */ = {isa = PBXBuildFile; fileRef = D72AF4F31DDC4C6E002C4031 /* Main.storyboard */; };
		D72AF4F71DDC4C6E002C4031 /* Assets.xcassets in Resources */ = {isa = PBXBuildFile; fileRef = D72AF4F61DDC4C6E002C4031 /* Assets.xcassets */; };
		D72AF4FA1DDC4C6E002C4031 /* LaunchScreen.storyboard in Resources */ = {isa = PBXBuildFile; fileRef = D72AF4F81DDC4C6E002C4031 /* LaunchScreen.storyboard */; };
		D72AF5051DDC4D4A002C4031 /* ExtrudeHeader.swift in Sources */ = {isa = PBXBuildFile; fileRef = D72AF5041DDC4D4A002C4031 /* ExtrudeHeader.swift */; };
		D72AF5071DDC4D8A002C4031 /* Category.swift in Sources */ = {isa = PBXBuildFile; fileRef = D72AF5061DDC4D8A002C4031 /* Category.swift */; };
/* End PBXBuildFile section */

/* Begin PBXFileReference section */
		227D6AA2DF642E28B076208C /* Pods-ExtrudeHeader.release.xcconfig */ = {isa = PBXFileReference; includeInIndex = 1; lastKnownFileType = text.xcconfig; name = "Pods-ExtrudeHeader.release.xcconfig"; path = "Pods/Target Support Files/Pods-ExtrudeHeader/Pods-ExtrudeHeader.release.xcconfig"; sourceTree = "<group>"; };
		D72AF4EC1DDC4C6E002C4031 /* ExtrudeHeader.app */ = {isa = PBXFileReference; explicitFileType = wrapper.application; includeInIndex = 0; path = ExtrudeHeader.app; sourceTree = BUILT_PRODUCTS_DIR; };
		D72AF4EF1DDC4C6E002C4031 /* AppDelegate.swift */ = {isa = PBXFileReference; lastKnownFileType = sourcecode.swift; path = AppDelegate.swift; sourceTree = "<group>"; };
		D72AF4F11DDC4C6E002C4031 /* ViewController.swift */ = {isa = PBXFileReference; lastKnownFileType = sourcecode.swift; path = ViewController.swift; sourceTree = "<group>"; };
		D72AF4F41DDC4C6E002C4031 /* Base */ = {isa = PBXFileReference; lastKnownFileType = file.storyboard; name = Base; path = Base.lproj/Main.storyboard; sourceTree = "<group>"; };
		D72AF4F61DDC4C6E002C4031 /* Assets.xcassets */ = {isa = PBXFileReference; lastKnownFileType = folder.assetcatalog; path = Assets.xcassets; sourceTree = "<group>"; };
		D72AF4F91DDC4C6E002C4031 /* Base */ = {isa = PBXFileReference; lastKnownFileType = file.storyboard; name = Base; path = Base.lproj/LaunchScreen.storyboard; sourceTree = "<group>"; };
		D72AF4FB1DDC4C6E002C4031 /* Info.plist */ = {isa = PBXFileReference; lastKnownFileType = text.plist.xml; path = Info.plist; sourceTree = "<group>"; };
		D72AF5041DDC4D4A002C4031 /* ExtrudeHeader.swift */ = {isa = PBXFileReference; fileEncoding = 4; lastKnownFileType = sourcecode.swift; path = ExtrudeHeader.swift; sourceTree = "<group>"; };
		D72AF5061DDC4D8A002C4031 /* Category.swift */ = {isa = PBXFileReference; fileEncoding = 4; lastKnownFileType = sourcecode.swift; path = Category.swift; sourceTree = "<group>"; };
		F8A5C3E6EDB57D2738CDE7C6 /* Pods-ExtrudeHeader.debug.xcconfig */ = {isa = PBXFileReference; includeInIndex = 1; lastKnownFileType = text.xcconfig; name = "Pods-ExtrudeHeader.debug.xcconfig"; path = "Pods/Target Support Files/Pods-ExtrudeHeader/Pods-ExtrudeHeader.debug.xcconfig"; sourceTree = "<group>"; };
		FA2DA273B6946698AC1A2A10 /* Pods_ExtrudeHeader.framework */ = {isa = PBXFileReference; explicitFileType = wrapper.framework; includeInIndex = 0; path = Pods_ExtrudeHeader.framework; sourceTree = BUILT_PRODUCTS_DIR; };
/* End PBXFileReference section */

/* Begin PBXFrameworksBuildPhase section */
		D72AF4E91DDC4C6E002C4031 /* Frameworks */ = {
			isa = PBXFrameworksBuildPhase;
			buildActionMask = 2147483647;
			files = (
				63DA87F0430933131CE3108D /* Pods_ExtrudeHeader.framework in Frameworks */,
			);
			runOnlyForDeploymentPostprocessing = 0;
		};
/* End PBXFrameworksBuildPhase section */

/* Begin PBXGroup section */
		B39E467944352FD854887F63 /* Pods */ = {
			isa = PBXGroup;
			children = (
				F8A5C3E6EDB57D2738CDE7C6 /* Pods-ExtrudeHeader.debug.xcconfig */,
				227D6AA2DF642E28B076208C /* Pods-ExtrudeHeader.release.xcconfig */,
			);
			name = Pods;
			sourceTree = "<group>";
		};
		D72AF4E31DDC4C6E002C4031 = {
			isa = PBXGroup;
			children = (
				D72AF4EE1DDC4C6E002C4031 /* ExtrudeHeader */,
				D72AF4ED1DDC4C6E002C4031 /* Products */,
				B39E467944352FD854887F63 /* Pods */,
				E9818D88786C5EE74D7AE938 /* Frameworks */,
			);
			sourceTree = "<group>";
		};
		D72AF4ED1DDC4C6E002C4031 /* Products */ = {
			isa = PBXGroup;
			children = (
				D72AF4EC1DDC4C6E002C4031 /* ExtrudeHeader.app */,
			);
			name = Products;
			sourceTree = "<group>";
		};
		D72AF4EE1DDC4C6E002C4031 /* ExtrudeHeader */ = {
			isa = PBXGroup;
			children = (
				D72AF5031DDC4D4A002C4031 /* ExtrudeHeader */,
				D72AF4EF1DDC4C6E002C4031 /* AppDelegate.swift */,
				D72AF4F11DDC4C6E002C4031 /* ViewController.swift */,
				D72AF4F31DDC4C6E002C4031 /* Main.storyboard */,
				D72AF4F61DDC4C6E002C4031 /* Assets.xcassets */,
				D72AF4F81DDC4C6E002C4031 /* LaunchScreen.storyboard */,
				D72AF4FB1DDC4C6E002C4031 /* Info.plist */,
			);
			path = ExtrudeHeader;
			sourceTree = "<group>";
		};
		D72AF5031DDC4D4A002C4031 /* ExtrudeHeader */ = {
			isa = PBXGroup;
			children = (
				D72AF5041DDC4D4A002C4031 /* ExtrudeHeader.swift */,
				D72AF5061DDC4D8A002C4031 /* Category.swift */,
			);
			path = ExtrudeHeader;
			sourceTree = "<group>";
		};
		E9818D88786C5EE74D7AE938 /* Frameworks */ = {
			isa = PBXGroup;
			children = (
				FA2DA273B6946698AC1A2A10 /* Pods_ExtrudeHeader.framework */,
			);
			name = Frameworks;
			sourceTree = "<group>";
		};
/* End PBXGroup section */

/* Begin PBXNativeTarget section */
		D72AF4EB1DDC4C6E002C4031 /* ExtrudeHeader */ = {
			isa = PBXNativeTarget;
			buildConfigurationList = D72AF4FE1DDC4C6E002C4031 /* Build configuration list for PBXNativeTarget "ExtrudeHeader" */;
			buildPhases = (
				155CDF322C7308EA79A47AB6 /* [CP] Check Pods Manifest.lock */,
				D72AF4E81DDC4C6E002C4031 /* Sources */,
				D72AF4E91DDC4C6E002C4031 /* Frameworks */,
				D72AF4EA1DDC4C6E002C4031 /* Resources */,
				20D957E5FEDF5202C27204B3 /* [CP] Embed Pods Frameworks */,
			);
			buildRules = (
			);
			dependencies = (
			);
			name = ExtrudeHeader;
			productName = ExtrudeHeader;
			productReference = D72AF4EC1DDC4C6E002C4031 /* ExtrudeHeader.app */;
			productType = "com.apple.product-type.application";
		};
/* End PBXNativeTarget section */

/* Begin PBXProject section */
		D72AF4E41DDC4C6E002C4031 /* Project object */ = {
			isa = PBXProject;
			attributes = {
				LastSwiftUpdateCheck = 0810;
				LastUpgradeCheck = 0810;
				ORGANIZATIONNAME = renxiaojian;
				TargetAttributes = {
					D72AF4EB1DDC4C6E002C4031 = {
						CreatedOnToolsVersion = 8.1;
						DevelopmentTeam = 3HUUWY9C4G;
						ProvisioningStyle = Automatic;
					};
				};
			};
			buildConfigurationList = D72AF4E71DDC4C6E002C4031 /* Build configuration list for PBXProject "ExtrudeHeader" */;
			compatibilityVersion = "Xcode 3.2";
			developmentRegion = English;
			hasScannedForEncodings = 0;
			knownRegions = (
				English,
				en,
				Base,
			);
			mainGroup = D72AF4E31DDC4C6E002C4031;
			productRefGroup = D72AF4ED1DDC4C6E002C4031 /* Products */;
			projectDirPath = "";
			projectRoot = "";
			targets = (
				D72AF4EB1DDC4C6E002C4031 /* ExtrudeHeader */,
			);
		};
/* End PBXProject section */

/* Begin PBXResourcesBuildPhase section */
		D72AF4EA1DDC4C6E002C4031 /* Resources */ = {
			isa = PBXResourcesBuildPhase;
			buildActionMask = 2147483647;
			files = (
				D72AF4FA1DDC4C6E002C4031 /* LaunchScreen.storyboard in Resources */,
				D72AF4F71DDC4C6E002C4031 /* Assets.xcassets in Resources */,
				D72AF4F51DDC4C6E002C4031 /* Main.storyboard in Resources */,
			);
			runOnlyForDeploymentPostprocessing = 0;
		};
/* End PBXResourcesBuildPhase section */

/* Begin PBXShellScriptBuildPhase section */
		155CDF322C7308EA79A47AB6 /* [CP] Check Pods Manifest.lock */ = {
			isa = PBXShellScriptBuildPhase;
			buildActionMask = 2147483647;
			files = (
			);
			inputPaths = (
				"${PODS_PODFILE_DIR_PATH}/Podfile.lock",
				"${PODS_ROOT}/Manifest.lock",
			);
			name = "[CP] Check Pods Manifest.lock";
			outputPaths = (
				"$(DERIVED_FILE_DIR)/Pods-ExtrudeHeader-checkManifestLockResult.txt",
			);
			runOnlyForDeploymentPostprocessing = 0;
			shellPath = /bin/sh;
			shellScript = "diff \"${PODS_PODFILE_DIR_PATH}/Podfile.lock\" \"${PODS_ROOT}/Manifest.lock\" > /dev/null\nif [ $? != 0 ] ; then\n    # print error to STDERR\n    echo \"error: The sandbox is not in sync with the Podfile.lock. Run 'pod install' or update your CocoaPods installation.\" >&2\n    exit 1\nfi\n# This output is used by Xcode 'outputs' to avoid re-running this script phase.\necho \"SUCCESS\" > \"${SCRIPT_OUTPUT_FILE_0}\"\n";
			showEnvVarsInLog = 0;
		};
		20D957E5FEDF5202C27204B3 /* [CP] Embed Pods Frameworks */ = {
			isa = PBXShellScriptBuildPhase;
			buildActionMask = 2147483647;
			files = (
			);
			inputPaths = (
				"${PODS_ROOT}/Target Support Files/Pods-ExtrudeHeader/Pods-ExtrudeHeader-frameworks.sh",
				"${BUILT_PRODUCTS_DIR}/SnapKit/SnapKit.framework",
			);
			name = "[CP] Embed Pods Frameworks";
			outputPaths = (
				"${TARGET_BUILD_DIR}/${FRAMEWORKS_FOLDER_PATH}/SnapKit.framework",
			);
			runOnlyForDeploymentPostprocessing = 0;
			shellPath = /bin/sh;
			shellScript = "\"${PODS_ROOT}/Target Support Files/Pods-ExtrudeHeader/Pods-ExtrudeHeader-frameworks.sh\"\n";
			showEnvVarsInLog = 0;
		};
/* End PBXShellScriptBuildPhase section */

/* Begin PBXSourcesBuildPhase section */
		D72AF4E81DDC4C6E002C4031 /* Sources */ = {
			isa = PBXSourcesBuildPhase;
			buildActionMask = 2147483647;
			files = (
				D72AF4F21DDC4C6E002C4031 /* ViewController.swift in Sources */,
				D72AF4F01DDC4C6E002C4031 /* AppDelegate.swift in Sources */,
				D72AF5051DDC4D4A002C4031 /* ExtrudeHeader.swift in Sources */,
				D72AF5071DDC4D8A002C4031 /* Category.swift in Sources */,
			);
			runOnlyForDeploymentPostprocessing = 0;
		};
/* End PBXSourcesBuildPhase section */

/* Begin PBXVariantGroup section */
		D72AF4F31DDC4C6E002C4031 /* Main.storyboard */ = {
			isa = PBXVariantGroup;
			children = (
				D72AF4F41DDC4C6E002C4031 /* Base */,
			);
			name = Main.storyboard;
			sourceTree = "<group>";
		};
		D72AF4F81DDC4C6E002C4031 /* LaunchScreen.storyboard */ = {
			isa = PBXVariantGroup;
			children = (
				D72AF4F91DDC4C6E002C4031 /* Base */,
			);
			name = LaunchScreen.storyboard;
			sourceTree = "<group>";
		};
/* End PBXVariantGroup section */

/* Begin XCBuildConfiguration section */
		D72AF4FC1DDC4C6E002C4031 /* Debug */ = {
			isa = XCBuildConfiguration;
			buildSettings = {
				ALWAYS_SEARCH_USER_PATHS = NO;
				CLANG_ANALYZER_NONNULL = YES;
				CLANG_CXX_LANGUAGE_STANDARD = "gnu++0x";
				CLANG_CXX_LIBRARY = "libc++";
				CLANG_ENABLE_MODULES = YES;
				CLANG_ENABLE_OBJC_ARC = YES;
				CLANG_WARN_BOOL_CONVERSION = YES;
				CLANG_WARN_CONSTANT_CONVERSION = YES;
				CLANG_WARN_DIRECT_OBJC_ISA_USAGE = YES_ERROR;
				CLANG_WARN_DOCUMENTATION_COMMENTS = YES;
				CLANG_WARN_EMPTY_BODY = YES;
				CLANG_WARN_ENUM_CONVERSION = YES;
				CLANG_WARN_INFINITE_RECURSION = YES;
				CLANG_WARN_INT_CONVERSION = YES;
				CLANG_WARN_OBJC_ROOT_CLASS = YES_ERROR;
				CLANG_WARN_SUSPICIOUS_MOVE = YES;
				CLANG_WARN_SUSPICIOUS_MOVES = YES;
				CLANG_WARN_UNREACHABLE_CODE = YES;
				CLANG_WARN__DUPLICATE_METHOD_MATCH = YES;
				"CODE_SIGN_IDENTITY[sdk=iphoneos*]" = "iPhone Developer";
				COPY_PHASE_STRIP = NO;
				DEBUG_INFORMATION_FORMAT = dwarf;
				ENABLE_STRICT_OBJC_MSGSEND = YES;
				ENABLE_TESTABILITY = YES;
				GCC_C_LANGUAGE_STANDARD = gnu99;
				GCC_DYNAMIC_NO_PIC = NO;
				GCC_NO_COMMON_BLOCKS = YES;
				GCC_OPTIMIZATION_LEVEL = 0;
				GCC_PREPROCESSOR_DEFINITIONS = (
					"DEBUG=1",
					"$(inherited)",
				);
				GCC_WARN_64_TO_32_BIT_CONVERSION = YES;
				GCC_WARN_ABOUT_RETURN_TYPE = YES_ERROR;
				GCC_WARN_UNDECLARED_SELECTOR = YES;
				GCC_WARN_UNINITIALIZED_AUTOS = YES_AGGRESSIVE;
				GCC_WARN_UNUSED_FUNCTION = YES;
				GCC_WARN_UNUSED_VARIABLE = YES;
				IPHONEOS_DEPLOYMENT_TARGET = 10.1;
				MTL_ENABLE_DEBUG_INFO = YES;
				ONLY_ACTIVE_ARCH = YES;
				SDKROOT = iphoneos;
				SWIFT_ACTIVE_COMPILATION_CONDITIONS = DEBUG;
				SWIFT_OPTIMIZATION_LEVEL = "-Onone";
			};
			name = Debug;
		};
		D72AF4FD1DDC4C6E002C4031 /* Release */ = {
			isa = XCBuildConfiguration;
			buildSettings = {
				ALWAYS_SEARCH_USER_PATHS = NO;
				CLANG_ANALYZER_NONNULL = YES;
				CLANG_CXX_LANGUAGE_STANDARD = "gnu++0x";
				CLANG_CXX_LIBRARY = "libc++";
				CLANG_ENABLE_MODULES = YES;
				CLANG_ENABLE_OBJC_ARC = YES;
				CLANG_WARN_BOOL_CONVERSION = YES;
				CLANG_WARN_CONSTANT_CONVERSION = YES;
				CLANG_WARN_DIRECT_OBJC_ISA_USAGE = YES_ERROR;
				CLANG_WARN_DOCUMENTATION_COMMENTS = YES;
				CLANG_WARN_EMPTY_BODY = YES;
				CLANG_WARN_ENUM_CONVERSION = YES;
				CLANG_WARN_INFINITE_RECURSION = YES;
				CLANG_WARN_INT_CONVERSION = YES;
				CLANG_WARN_OBJC_ROOT_CLASS = YES_ERROR;
				CLANG_WARN_SUSPICIOUS_MOVE = YES;
				CLANG_WARN_SUSPICIOUS_MOVES = YES;
				CLANG_WARN_UNREACHABLE_CODE = YES;
				CLANG_WARN__DUPLICATE_METHOD_MATCH = YES;
				"CODE_SIGN_IDENTITY[sdk=iphoneos*]" = "iPhone Developer";
				COPY_PHASE_STRIP = NO;
				DEBUG_INFORMATION_FORMAT = "dwarf-with-dsym";
				ENABLE_NS_ASSERTIONS = NO;
				ENABLE_STRICT_OBJC_MSGSEND = YES;
				GCC_C_LANGUAGE_STANDARD = gnu99;
				GCC_NO_COMMON_BLOCKS = YES;
				GCC_WARN_64_TO_32_BIT_CONVERSION = YES;
				GCC_WARN_ABOUT_RETURN_TYPE = YES_ERROR;
				GCC_WARN_UNDECLARED_SELECTOR = YES;
				GCC_WARN_UNINITIALIZED_AUTOS = YES_AGGRESSIVE;
				GCC_WARN_UNUSED_FUNCTION = YES;
				GCC_WARN_UNUSED_VARIABLE = YES;
				IPHONEOS_DEPLOYMENT_TARGET = 10.1;
				MTL_ENABLE_DEBUG_INFO = NO;
				SDKROOT = iphoneos;
				SWIFT_OPTIMIZATION_LEVEL = "-Owholemodule";
				VALIDATE_PRODUCT = YES;
			};
			name = Release;
		};
		D72AF4FF1DDC4C6E002C4031 /* Debug */ = {
			isa = XCBuildConfiguration;
			baseConfigurationReference = F8A5C3E6EDB57D2738CDE7C6 /* Pods-ExtrudeHeader.debug.xcconfig */;
			buildSettings = {
				ASSETCATALOG_COMPILER_APPICON_NAME = AppIcon;
				DEVELOPMENT_TEAM = 3HUUWY9C4G;
				INFOPLIST_FILE = ExtrudeHeader/Info.plist;
				LD_RUNPATH_SEARCH_PATHS = "$(inherited) @executable_path/Frameworks";
				PRODUCT_BUNDLE_IDENTIFIER = YLB.ExtrudeHeader;
				PRODUCT_NAME = "$(TARGET_NAME)";
				SWIFT_VERSION = 5.0;
			};
			name = Debug;
		};
		D72AF5001DDC4C6E002C4031 /* Release */ = {
			isa = XCBuildConfiguration;
			baseConfigurationReference = 227D6AA2DF642E28B076208C /* Pods-ExtrudeHeader.release.xcconfig */;
			buildSettings = {
				ASSETCATALOG_COMPILER_APPICON_NAME = AppIcon;
				DEVELOPMENT_TEAM = 3HUUWY9C4G;
				INFOPLIST_FILE = ExtrudeHeader/Info.plist;
				LD_RUNPATH_SEARCH_PATHS = "$(inherited) @executable_path/Frameworks";
				PRODUCT_BUNDLE_IDENTIFIER = YLB.ExtrudeHeader;
				PRODUCT_NAME = "$(TARGET_NAME)";
				SWIFT_VERSION = 5.0;
			};
			name = Release;
		};
/* End XCBuildConfiguration section */

/* Begin XCConfigurationList section */
		D72AF4E71DDC4C6E002C4031 /* Build configuration list for PBXProject "ExtrudeHeader" */ = {
			isa = XCConfigurationList;
			buildConfigurations = (
				D72AF4FC1DDC4C6E002C4031 /* Debug */,
				D72AF4FD1DDC4C6E002C4031 /* Release */,
			);
			defaultConfigurationIsVisible = 0;
			defaultConfigurationName = Release;
		};
		D72AF4FE1DDC4C6E002C4031 /* Build configuration list for PBXNativeTarget "ExtrudeHeader" */ = {
			isa = XCConfigurationList;
			buildConfigurations = (
				D72AF4FF1DDC4C6E002C4031 /* Debug */,
				D72AF5001DDC4C6E002C4031 /* Release */,
			);
			defaultConfigurationIsVisible = 0;
			defaultConfigurationName = Release;
		};
/* End XCConfigurationList section */
	};
	rootObject = D72AF4E41DDC4C6E002C4031 /* Project object */;
}
